
Microsoft Visual Studio Solution File, Format Version 12.00
# Visual Studio Express 2012 for Windows Phone
Project("{FAE04EC0-301F-11D3-BF4B-00C04F79EFBC}") = "PlexiSDK", "PlexiSDK\PlexiSDK.csproj", "{8D014A37-1956-491E-BD58-B3A62A0040CE}"
EndProject
Project("{FAE04EC0-301F-11D3-BF4B-00C04F79EFBC}") = "UnitTest", "UnitTest\UnitTest.csproj", "{6B5AD7E8-32B2-4368-95A3-8626FF61C080}"
EndProject
Global
	GlobalSection(SolutionConfigurationPlatforms) = preSolution
		Debug|Any CPU = Debug|Any CPU
		Debug|ARM = Debug|ARM
		Debug|Mixed Platforms = Debug|Mixed Platforms
		Debug|x86 = Debug|x86
		Release|Any CPU = Release|Any CPU
		Release|ARM = Release|ARM
		Release|Mixed Platforms = Release|Mixed Platforms
		Release|x86 = Release|x86
	EndGlobalSection
	GlobalSection(ProjectConfigurationPlatforms) = postSolution
		{8D014A37-1956-491E-BD58-B3A62A0040CE}.Debug|Any CPU.ActiveCfg = Debug|Any CPU
		{8D014A37-1956-491E-BD58-B3A62A0040CE}.Debug|Any CPU.Build.0 = Debug|Any CPU
		{8D014A37-1956-491E-BD58-B3A62A0040CE}.Debug|ARM.ActiveCfg = Debug|ARM
		{8D014A37-1956-491E-BD58-B3A62A0040CE}.Debug|ARM.Build.0 = Debug|ARM
		{8D014A37-1956-491E-BD58-B3A62A0040CE}.Debug|Mixed Platforms.ActiveCfg = Debug|ARM
		{8D014A37-1956-491E-BD58-B3A62A0040CE}.Debug|Mixed Platforms.Build.0 = Debug|ARM
		{8D014A37-1956-491E-BD58-B3A62A0040CE}.Debug|x86.ActiveCfg = Debug|x86
		{8D014A37-1956-491E-BD58-B3A62A0040CE}.Debug|x86.Build.0 = Debug|x86
		{8D014A37-1956-491E-BD58-B3A62A0040CE}.Release|Any CPU.ActiveCfg = Release|Any CPU
		{8D014A37-1956-491E-BD58-B3A62A0040CE}.Release|Any CPU.Build.0 = Release|Any CPU
		{8D014A37-1956-491E-BD58-B3A62A0040CE}.Release|ARM.ActiveCfg = Release|ARM
		{8D014A37-1956-491E-BD58-B3A62A0040CE}.Release|ARM.Build.0 = Release|ARM
		{8D014A37-1956-491E-BD58-B3A62A0040CE}.Release|Mixed Platforms.ActiveCfg = Release|x86
		{8D014A37-1956-491E-BD58-B3A62A0040CE}.Release|Mixed Platforms.Build.0 = Release|x86
		{8D014A37-1956-491E-BD58-B3A62A0040CE}.Release|x86.ActiveCfg = Release|x86
		{8D014A37-1956-491E-BD58-B3A62A0040CE}.Release|x86.Build.0 = Release|x86
		{6B5AD7E8-32B2-4368-95A3-8626FF61C080}.Debug|Any CPU.ActiveCfg = Debug|x86
		{6B5AD7E8-32B2-4368-95A3-8626FF61C080}.Debug|ARM.ActiveCfg = Debug|ARM
		{6B5AD7E8-32B2-4368-95A3-8626FF61C080}.Debug|ARM.Build.0 = Debug|ARM
		{6B5AD7E8-32B2-4368-95A3-8626FF61C080}.Debug|ARM.Deploy.0 = Debug|ARM
		{6B5AD7E8-32B2-4368-95A3-8626FF61C080}.Debug|Mixed Platforms.ActiveCfg = Debug|ARM
		{6B5AD7E8-32B2-4368-95A3-8626FF61C080}.Debug|Mixed Platforms.Build.0 = Debug|ARM
		{6B5AD7E8-32B2-4368-95A3-8626FF61C080}.Debug|Mixed Platforms.Deploy.0 = Debug|ARM
		{6B5AD7E8-32B2-4368-95A3-8626FF61C080}.Debug|x86.ActiveCfg = Debug|x86
		{6B5AD7E8-32B2-4368-95A3-8626FF61C080}.Debug|x86.Build.0 = Debug|x86
		{6B5AD7E8-32B2-4368-95A3-8626FF61C080}.Debug|x86.Deploy.0 = Debug|x86
		{6B5AD7E8-32B2-4368-95A3-8626FF61C080}.Release|Any CPU.ActiveCfg = Release|x86
		{6B5AD7E8-32B2-4368-95A3-8626FF61C080}.Release|ARM.ActiveCfg = Release|ARM
		{6B5AD7E8-32B2-4368-95A3-8626FF61C080}.Release|ARM.Build.0 = Release|ARM
		{6B5AD7E8-32B2-4368-95A3-8626FF61C080}.Release|ARM.Deploy.0 = Release|ARM
		{6B5AD7E8-32B2-4368-95A3-8626FF61C080}.Release|Mixed Platforms.ActiveCfg = Release|x86
		{6B5AD7E8-32B2-4368-95A3-8626FF61C080}.Release|Mixed Platforms.Build.0 = Release|x86
		{6B5AD7E8-32B2-4368-95A3-8626FF61C080}.Release|Mixed Platforms.Deploy.0 = Release|x86
		{6B5AD7E8-32B2-4368-95A3-8626FF61C080}.Release|x86.ActiveCfg = Release|x86
		{6B5AD7E8-32B2-4368-95A3-8626FF61C080}.Release|x86.Build.0 = Release|x86
		{6B5AD7E8-32B2-4368-95A3-8626FF61C080}.Release|x86.Deploy.0 = Release|x86
	EndGlobalSection
	GlobalSection(SolutionProperties) = preSolution
		HideSolutionNode = FALSE
	EndGlobalSection
EndGlobal
